PODS:
  - device_region (0.0.1):
    - Flutter
  - Flutter (1.0.0)
  - workmanager_apple (0.0.1):
    - Flutter

DEPENDENCIES:
  - device_region (from `.symlinks/plugins/device_region/ios`)
  - Flutter (from `Flutter`)
  - workmanager_apple (from `.symlinks/plugins/workmanager_apple/ios`)

EXTERNAL SOURCES:
  device_region:
    :path: ".symlinks/plugins/device_region/ios"
  Flutter:
    :path: Flutter
  workmanager_apple:
    :path: ".symlinks/plugins/workmanager_apple/ios"

SPEC CHECKSUMS:
  device_region: ba5fcd31baab2323f50b73a33850490df4d082a8
  Flutter: 71a624a5bc0c04062bf19101d501e466baf2fb47
  workmanager_apple: 904529ae31e97fc5be632cf628507652294a0778

PODFILE CHECKSUM: 0ccf022bc53e29cf2e8916562f03e4c505e4c2da

COCOAPODS: 1.16.2
